
Microsoft Visual Studio Solution File, Format Version 12.00
# Visual Studio 15
VisualStudioVersion = 15.0.27130.2036
MinimumVisualStudioVersion = 10.0.40219.1
Project("{E24C65DC-7377-472B-9ABA-BC803B73C61A}") = "RacingLegends", "RacingLegends\", "{E548B178-39E5-4BEC-9FBC-F7CB4DF88301}"
	ProjectSection(WebsiteProperties) = preProject
		TargetFrameworkMoniker = ".NETFramework,Version%3Dv4.6.1"
		Debug.AspNetCompiler.VirtualPath = "/localhost_49415"
		Debug.AspNetCompiler.PhysicalPath = "RacingLegends\"
		Debug.AspNetCompiler.TargetPath = "PrecompiledWeb\localhost_49415\"
		Debug.AspNetCompiler.Updateable = "true"
		Debug.AspNetCompiler.ForceOverwrite = "true"
		Debug.AspNetCompiler.FixedNames = "false"
		Debug.AspNetCompiler.Debug = "True"
		Release.AspNetCompiler.VirtualPath = "/localhost_49415"
		Release.AspNetCompiler.PhysicalPath = "RacingLegends\"
		Release.AspNetCompiler.TargetPath = "PrecompiledWeb\localhost_49415\"
		Release.AspNetCompiler.Updateable = "true"
		Release.AspNetCompiler.ForceOverwrite = "true"
		Release.AspNetCompiler.FixedNames = "false"
		Release.AspNetCompiler.Debug = "False"
		VWDPort = "49415"
		SlnRelativePath = "RacingLegends\"
		DefaultWebSiteLanguage = "Visual C#"
	EndProjectSection
EndProject
Global
	GlobalSection(SolutionConfigurationPlatforms) = preSolution
		Debug|Any CPU = Debug|Any CPU
	EndGlobalSection
	GlobalSection(ProjectConfigurationPlatforms) = postSolution
		{E548B178-39E5-4BEC-9FBC-F7CB4DF88301}.Debug|Any CPU.ActiveCfg = Debug|Any CPU
		{E548B178-39E5-4BEC-9FBC-F7CB4DF88301}.Debug|Any CPU.Build.0 = Debug|Any CPU
	EndGlobalSection
	GlobalSection(SolutionProperties) = preSolution
		HideSolutionNode = FALSE
	EndGlobalSection
	GlobalSection(ExtensibilityGlobals) = postSolution
		SolutionGuid = {4C73E6D5-9BAE-4AB5-8E1C-CDD1BD52C89E}
	EndGlobalSection
EndGlobal
